# This file is autogenerated, do not edit; changes may be undone by the next 'dep ensure'.


[[projects]]
  branch = "master"
  name = "github.com/dirtbags/go-pcap"
  packages = ["."]
  revision = "a60bbeb1aa485acbd90601f3817c02d3a43438ab"

[[projects]]
  branch = "master"
  name = "github.com/kaorimatz/go-mrt"
  packages = ["."]
  revision = "619828fef149b6389d59333020a5384c688a37e9"

[[projects]]
  branch = "master"
  name = "github.com/pborman/getopt"
  packages = ["."]
  revision = "7148bc3a4c3008adfcab60cbebfd0576018f330b"

[[projects]]
  branch = "master"
  name = "github.com/xi2/xz"
  packages = ["."]
  revision = "48954b6210f8d154cb5f8484d3a3e1f83489309e"

[solve-meta]
  analyzer-name = "dep"
  analyzer-version = 1
  inputs-digest = "0ee9d8d8e10d6a12c1bb37ed9e9874f925900570f6beadcc0db917ca836549f4"
  solver-name = "gps-cdcl"
  solver-version = 1
